{
  "version": 4,
  "terraform_version": "1.7.3",
  "serial": 25,
  "lineage": "cf761145-aacc-005a-0118-cf1c37b86ff9",
  "outputs": {},
  "resources": [
    {
      "mode": "managed",
      "type": "aws_cloudwatch_event_bus",
      "name": "workflow_to_other_event_bus",
      "provider": "provider[\"registry.terraform.io/hashicorp/aws\"]",
      "instances": [
        {
          "schema_version": 0,
          "attributes": {
            "arn": "arn:aws:events:us-east-1:000000000000:event-bus/workflow_to_other_event_bus",
            "event_source_name": null,
            "id": "workflow_to_other_event_bus",
            "name": "workflow_to_other_event_bus",
            "tags": {},
            "tags_all": {}
          },
          "sensitive_attributes": [],
          "private": "bnVsbA=="
        }
      ]
    },
    {
      "mode": "managed",
      "type": "aws_cloudwatch_event_rule",
      "name": "workflow_to_a_event_rule",
      "provider": "provider[\"registry.terraform.io/hashicorp/aws\"]",
      "instances": [
        {
          "schema_version": 1,
          "attributes": {
            "arn": "arn:aws:events:us-east-1:000000000000:rule/workflow_to_other_event_bus/workflow_to_a_event_rule",
            "description": "workflow_to_a_event_rule",
            "event_bus_name": "workflow_to_other_event_bus",
            "event_pattern": "{\"detail\":{\"type\":[\"a-rule\"]}}",
            "id": "workflow_to_other_event_bus/workflow_to_a_event_rule",
            "is_enabled": true,
            "name": "workflow_to_a_event_rule",
            "name_prefix": "",
            "role_arn": "",
            "schedule_expression": "",
            "state": "ENABLED",
            "tags": {},
            "tags_all": {}
          },
          "sensitive_attributes": [],
          "private": "eyJzY2hlbWFfdmVyc2lvbiI6IjEifQ==",
          "dependencies": [
            "aws_cloudwatch_event_bus.workflow_to_other_event_bus"
          ]
        }
      ]
    },
    {
      "mode": "managed",
      "type": "aws_cloudwatch_event_rule",
      "name": "workflow_to_b_event_rule",
      "provider": "provider[\"registry.terraform.io/hashicorp/aws\"]",
      "instances": [
        {
          "schema_version": 1,
          "attributes": {
            "arn": "arn:aws:events:us-east-1:000000000000:rule/workflow_to_other_event_bus/workflow_to_b_event_rule",
            "description": "workflow_to_b_event_rule",
            "event_bus_name": "workflow_to_other_event_bus",
            "event_pattern": "{\"detail\":{\"type\":[\"b-rule\"]}}",
            "id": "workflow_to_other_event_bus/workflow_to_b_event_rule",
            "is_enabled": true,
            "name": "workflow_to_b_event_rule",
            "name_prefix": "",
            "role_arn": "",
            "schedule_expression": "",
            "state": "ENABLED",
            "tags": {},
            "tags_all": {}
          },
          "sensitive_attributes": [],
          "private": "eyJzY2hlbWFfdmVyc2lvbiI6IjEifQ==",
          "dependencies": [
            "aws_cloudwatch_event_bus.workflow_to_other_event_bus"
          ]
        }
      ]
    },
    {
      "mode": "managed",
      "type": "aws_cloudwatch_event_rule",
      "name": "workflow_to_c_event_rule",
      "provider": "provider[\"registry.terraform.io/hashicorp/aws\"]",
      "instances": [
        {
          "schema_version": 1,
          "attributes": {
            "arn": "arn:aws:events:us-east-1:000000000000:rule/workflow_to_other_event_bus/workflow_to_c_event_rule",
            "description": "workflow_to_c_event_rule",
            "event_bus_name": "workflow_to_other_event_bus",
            "event_pattern": "{\"detail\":{\"type\":[\"b-rule\"]}}",
            "id": "workflow_to_other_event_bus/workflow_to_c_event_rule",
            "is_enabled": true,
            "name": "workflow_to_c_event_rule",
            "name_prefix": "",
            "role_arn": "",
            "schedule_expression": "",
            "state": "ENABLED",
            "tags": null,
            "tags_all": {}
          },
          "sensitive_attributes": [],
          "private": "eyJzY2hlbWFfdmVyc2lvbiI6IjEifQ==",
          "dependencies": [
            "aws_cloudwatch_event_bus.workflow_to_other_event_bus"
          ]
        }
      ]
    },
    {
      "mode": "managed",
      "type": "aws_cloudwatch_event_target",
      "name": "workflow_to_a_event_target",
      "provider": "provider[\"registry.terraform.io/hashicorp/aws\"]",
      "instances": [
        {
          "schema_version": 1,
          "attributes": {
            "arn": "arn:aws:sqs:us-east-1:000000000000:a_system_que.fifo",
            "batch_target": [],
            "dead_letter_config": [],
            "ecs_target": [],
            "event_bus_name": "workflow_to_other_event_bus",
            "http_target": [],
            "id": "workflow_to_other_event_bus-workflow_to_a_event_rule-workflow_to_a_event_target",
            "input": "",
            "input_path": "",
            "input_transformer": [],
            "kinesis_target": [],
            "redshift_target": [],
            "retry_policy": [],
            "role_arn": "",
            "rule": "workflow_to_a_event_rule",
            "run_command_targets": [],
            "sagemaker_pipeline_target": [],
            "sqs_target": [
              {
                "message_group_id": "group_id_1"
              }
            ],
            "target_id": "workflow_to_a_event_target"
          },
          "sensitive_attributes": [],
          "private": "eyJzY2hlbWFfdmVyc2lvbiI6IjEifQ==",
          "dependencies": [
            "aws_cloudwatch_event_bus.workflow_to_other_event_bus",
            "aws_cloudwatch_event_rule.workflow_to_a_event_rule",
            "aws_sqs_queue.a_system_que"
          ]
        }
      ]
    },
    {
      "mode": "managed",
      "type": "aws_cloudwatch_event_target",
      "name": "workflow_to_b_event_target",
      "provider": "provider[\"registry.terraform.io/hashicorp/aws\"]",
      "instances": [
        {
          "schema_version": 1,
          "attributes": {
            "arn": "arn:aws:sqs:us-east-1:000000000000:b_system_que.fifo",
            "batch_target": [],
            "dead_letter_config": [],
            "ecs_target": [],
            "event_bus_name": "workflow_to_other_event_bus",
            "http_target": [],
            "id": "workflow_to_other_event_bus-workflow_to_b_event_rule-workflow_to_b_event_target",
            "input": "",
            "input_path": "",
            "input_transformer": [],
            "kinesis_target": [],
            "redshift_target": [],
            "retry_policy": [],
            "role_arn": "",
            "rule": "workflow_to_b_event_rule",
            "run_command_targets": [],
            "sagemaker_pipeline_target": [],
            "sqs_target": [
              {
                "message_group_id": "group_id_222"
              }
            ],
            "target_id": "workflow_to_b_event_target"
          },
          "sensitive_attributes": [],
          "private": "eyJzY2hlbWFfdmVyc2lvbiI6IjEifQ==",
          "dependencies": [
            "aws_cloudwatch_event_bus.workflow_to_other_event_bus",
            "aws_cloudwatch_event_rule.workflow_to_b_event_rule",
            "aws_sqs_queue.b_system_que"
          ]
        }
      ]
    },
    {
      "mode": "managed",
      "type": "aws_cloudwatch_event_target",
      "name": "workflow_to_c_event_target",
      "provider": "provider[\"registry.terraform.io/hashicorp/aws\"]",
      "instances": [
        {
          "schema_version": 1,
          "attributes": {
            "arn": "arn:aws:sqs:us-east-1:000000000000:c_system_que.fifo",
            "batch_target": [],
            "dead_letter_config": [],
            "ecs_target": [],
            "event_bus_name": "workflow_to_other_event_bus",
            "http_target": [],
            "id": "workflow_to_other_event_bus-workflow_to_c_event_rule-workflow_to_c_event_target",
            "input": "",
            "input_path": "",
            "input_transformer": [],
            "kinesis_target": [],
            "redshift_target": [],
            "retry_policy": [],
            "role_arn": "",
            "rule": "workflow_to_c_event_rule",
            "run_command_targets": [],
            "sagemaker_pipeline_target": [],
            "sqs_target": [
              {
                "message_group_id": "group_id_333"
              }
            ],
            "target_id": "workflow_to_c_event_target"
          },
          "sensitive_attributes": [],
          "private": "eyJzY2hlbWFfdmVyc2lvbiI6IjEifQ==",
          "dependencies": [
            "aws_cloudwatch_event_bus.workflow_to_other_event_bus",
            "aws_cloudwatch_event_rule.workflow_to_c_event_rule",
            "aws_sqs_queue.c_system_que"
          ]
        }
      ]
    },
    {
      "mode": "managed",
      "type": "aws_sqs_queue",
      "name": "a_system_que",
      "provider": "provider[\"registry.terraform.io/hashicorp/aws\"]",
      "instances": [
        {
          "schema_version": 0,
          "attributes": {
            "arn": "arn:aws:sqs:us-east-1:000000000000:a_system_que.fifo",
            "content_based_deduplication": true,
            "deduplication_scope": "queue",
            "delay_seconds": 0,
            "fifo_queue": true,
            "fifo_throughput_limit": "perQueue",
            "id": "http://sqs.us-east-1.localhost.localstack.cloud:4566/000000000000/a_system_que.fifo",
            "kms_data_key_reuse_period_seconds": 300,
            "kms_master_key_id": "",
            "max_message_size": 262144,
            "message_retention_seconds": 345600,
            "name": "a_system_que.fifo",
            "name_prefix": "",
            "policy": "",
            "receive_wait_time_seconds": 0,
            "redrive_allow_policy": "",
            "redrive_policy": "",
            "sqs_managed_sse_enabled": true,
            "tags": {
              "Environment": "local"
            },
            "tags_all": {
              "Environment": "local"
            },
            "url": "http://sqs.us-east-1.localhost.localstack.cloud:4566/000000000000/a_system_que.fifo",
            "visibility_timeout_seconds": 30
          },
          "sensitive_attributes": [],
          "private": "bnVsbA=="
        }
      ]
    },
    {
      "mode": "managed",
      "type": "aws_sqs_queue",
      "name": "b_system_que",
      "provider": "provider[\"registry.terraform.io/hashicorp/aws\"]",
      "instances": [
        {
          "schema_version": 0,
          "attributes": {
            "arn": "arn:aws:sqs:us-east-1:000000000000:b_system_que.fifo",
            "content_based_deduplication": true,
            "deduplication_scope": "queue",
            "delay_seconds": 0,
            "fifo_queue": true,
            "fifo_throughput_limit": "perQueue",
            "id": "http://sqs.us-east-1.localhost.localstack.cloud:4566/000000000000/b_system_que.fifo",
            "kms_data_key_reuse_period_seconds": 300,
            "kms_master_key_id": "",
            "max_message_size": 262144,
            "message_retention_seconds": 345600,
            "name": "b_system_que.fifo",
            "name_prefix": "",
            "policy": "",
            "receive_wait_time_seconds": 0,
            "redrive_allow_policy": "",
            "redrive_policy": "",
            "sqs_managed_sse_enabled": true,
            "tags": {
              "Environment": "local B"
            },
            "tags_all": {
              "Environment": "local B"
            },
            "url": "http://sqs.us-east-1.localhost.localstack.cloud:4566/000000000000/b_system_que.fifo",
            "visibility_timeout_seconds": 30
          },
          "sensitive_attributes": [],
          "private": "bnVsbA=="
        }
      ]
    },
    {
      "mode": "managed",
      "type": "aws_sqs_queue",
      "name": "c_system_que",
      "provider": "provider[\"registry.terraform.io/hashicorp/aws\"]",
      "instances": [
        {
          "schema_version": 0,
          "attributes": {
            "arn": "arn:aws:sqs:us-east-1:000000000000:c_system_que.fifo",
            "content_based_deduplication": true,
            "deduplication_scope": "queue",
            "delay_seconds": 0,
            "fifo_queue": true,
            "fifo_throughput_limit": "perQueue",
            "id": "http://sqs.us-east-1.localhost.localstack.cloud:4566/000000000000/c_system_que.fifo",
            "kms_data_key_reuse_period_seconds": 300,
            "kms_master_key_id": "",
            "max_message_size": 262144,
            "message_retention_seconds": 345600,
            "name": "c_system_que.fifo",
            "name_prefix": "",
            "policy": "",
            "receive_wait_time_seconds": 0,
            "redrive_allow_policy": "",
            "redrive_policy": "",
            "sqs_managed_sse_enabled": true,
            "tags": {
              "Environment": "localC"
            },
            "tags_all": {
              "Environment": "localC"
            },
            "url": "http://sqs.us-east-1.localhost.localstack.cloud:4566/000000000000/c_system_que.fifo",
            "visibility_timeout_seconds": 30
          },
          "sensitive_attributes": [],
          "private": "bnVsbA=="
        }
      ]
    }
  ],
  "check_results": null
}
